
Microsoft Visual Studio Solution File, Format Version 12.00
# Visual Studio Version 16
VisualStudioVersion = 16.0.30406.217
MinimumVisualStudioVersion = 10.0.40219.1
Project("{FAE04EC0-301F-11D3-BF4B-00C04F79EFBC}") = "Task_4.2", "Task_4.2\Task_4.2.csproj", "{4D394181-FFD2-4438-9F28-4ECFBF1F195B}"
EndProject
Global
	GlobalSection(SolutionConfigurationPlatforms) = preSolution
		Debug|Any CPU = Debug|Any CPU
		Release|Any CPU = Release|Any CPU
	EndGlobalSection
	GlobalSection(ProjectConfigurationPlatforms) = postSolution
		{4D394181-FFD2-4438-9F28-4ECFBF1F195B}.Debug|Any CPU.ActiveCfg = Debug|Any CPU
		{4D394181-FFD2-4438-9F28-4ECFBF1F195B}.Debug|Any CPU.Build.0 = Debug|Any CPU
		{4D394181-FFD2-4438-9F28-4ECFBF1F195B}.Release|Any CPU.ActiveCfg = Release|Any CPU
		{4D394181-FFD2-4438-9F28-4ECFBF1F195B}.Release|Any CPU.Build.0 = Release|Any CPU
	EndGlobalSection
	GlobalSection(SolutionProperties) = preSolution
		HideSolutionNode = FALSE
	EndGlobalSection
	GlobalSection(ExtensibilityGlobals) = postSolution
		SolutionGuid = {1C31800D-9742-462E-9640-C54AFE960A96}
	EndGlobalSection
EndGlobal
