
Microsoft Visual Studio Solution File, Format Version 12.00
# Visual Studio Version 16
VisualStudioVersion = 16.0.30406.217
MinimumVisualStudioVersion = 10.0.40219.1
Project("{9A19103F-16F7-4668-BE54-9A1E7A4F7556}") = "Task_1.4", "Task_1.4\Task_1.4.csproj", "{A6BA5C2E-FC39-4939-A5AB-FB129554F096}"
EndProject
Global
	GlobalSection(SolutionConfigurationPlatforms) = preSolution
		Debug|Any CPU = Debug|Any CPU
		Release|Any CPU = Release|Any CPU
	EndGlobalSection
	GlobalSection(ProjectConfigurationPlatforms) = postSolution
		{A6BA5C2E-FC39-4939-A5AB-FB129554F096}.Debug|Any CPU.ActiveCfg = Debug|Any CPU
		{A6BA5C2E-FC39-4939-A5AB-FB129554F096}.Debug|Any CPU.Build.0 = Debug|Any CPU
		{A6BA5C2E-FC39-4939-A5AB-FB129554F096}.Release|Any CPU.ActiveCfg = Release|Any CPU
		{A6BA5C2E-FC39-4939-A5AB-FB129554F096}.Release|Any CPU.Build.0 = Release|Any CPU
	EndGlobalSection
	GlobalSection(SolutionProperties) = preSolution
		HideSolutionNode = FALSE
	EndGlobalSection
	GlobalSection(ExtensibilityGlobals) = postSolution
		SolutionGuid = {899F382B-D77E-4581-BDCC-C41330999502}
	EndGlobalSection
EndGlobal
