
Microsoft Visual Studio Solution File, Format Version 12.00
# Visual Studio Version 16
VisualStudioVersion = 16.0.30406.217
MinimumVisualStudioVersion = 10.0.40219.1
Project("{FAE04EC0-301F-11D3-BF4B-00C04F79EFBC}") = "Task_1.2", "Task_1.2\Task_1.2.csproj", "{C6BDA49E-ACFE-4CDD-BB3E-3F1266F5957D}"
EndProject
Global
	GlobalSection(SolutionConfigurationPlatforms) = preSolution
		Debug|Any CPU = Debug|Any CPU
		Release|Any CPU = Release|Any CPU
	EndGlobalSection
	GlobalSection(ProjectConfigurationPlatforms) = postSolution
		{C6BDA49E-ACFE-4CDD-BB3E-3F1266F5957D}.Debug|Any CPU.ActiveCfg = Debug|Any CPU
		{C6BDA49E-ACFE-4CDD-BB3E-3F1266F5957D}.Debug|Any CPU.Build.0 = Debug|Any CPU
		{C6BDA49E-ACFE-4CDD-BB3E-3F1266F5957D}.Release|Any CPU.ActiveCfg = Release|Any CPU
		{C6BDA49E-ACFE-4CDD-BB3E-3F1266F5957D}.Release|Any CPU.Build.0 = Release|Any CPU
	EndGlobalSection
	GlobalSection(SolutionProperties) = preSolution
		HideSolutionNode = FALSE
	EndGlobalSection
	GlobalSection(ExtensibilityGlobals) = postSolution
		SolutionGuid = {3A5D5EA1-1F9C-47CC-B1DF-21C3895FB77B}
	EndGlobalSection
EndGlobal
